
Microsoft Visual Studio Solution File, Format Version 12.00
# Visual Studio Version 17
VisualStudioVersion = 17.1.32414.318
MinimumVisualStudioVersion = 10.0.40219.1
Project("{FAE04EC0-301F-11D3-BF4B-00C04F79EFBC}") = "lab2_Lav", "lab2_Lav.csproj", "{8E7253B4-5526-40EA-B234-2105EAC681DF}"
EndProject
Global
	GlobalSection(SolutionConfigurationPlatforms) = preSolution
		Debug|Any CPU = Debug|Any CPU
		Release|Any CPU = Release|Any CPU
	EndGlobalSection
	GlobalSection(ProjectConfigurationPlatforms) = postSolution
		{8E7253B4-5526-40EA-B234-2105EAC681DF}.Debug|Any CPU.ActiveCfg = Debug|Any CPU
		{8E7253B4-5526-40EA-B234-2105EAC681DF}.Debug|Any CPU.Build.0 = Debug|Any CPU
		{8E7253B4-5526-40EA-B234-2105EAC681DF}.Release|Any CPU.ActiveCfg = Release|Any CPU
		{8E7253B4-5526-40EA-B234-2105EAC681DF}.Release|Any CPU.Build.0 = Release|Any CPU
	EndGlobalSection
	GlobalSection(SolutionProperties) = preSolution
		HideSolutionNode = FALSE
	EndGlobalSection
	GlobalSection(ExtensibilityGlobals) = postSolution
		SolutionGuid = {88637FCF-C9C8-4378-AA13-997CDBF84825}
	EndGlobalSection
EndGlobal
